// !$*UTF8*$!
{
	archiveVersion = 1;
	classes = {
	};
	objectVersion = 77;
	objects = {

/* Begin PBXContainerItemProxy section */
		B581A8FB2FCD567300E82648 /* PBXContainerItemProxy */ = {
			isa = PBXContainerItemProxy;
			containerPortal = B581A8E32FCD567100E82648 /* Project object */;
			proxyType = 1;
			remoteGlobalIDString = B581A8EA2FCD567100E82648;
			remoteInfo = PainDiary;
		};
		B581A9052FCD567300E82648 /* PBXContainerItemProxy */ = {
			isa = PBXContainerItemProxy;
			containerPortal = B581A8E32FCD567100E82648 /* Project object */;
			proxyType = 1;
			remoteGlobalIDString = B581A8EA2FCD567100E82648;
			remoteInfo = PainDiary;
		};
/* End PBXContainerItemProxy section */

/* Begin PBXFileReference section */
		B581A8EB2FCD567100E82648 /* PainDiary.app */ = {isa = PBXFileReference; explicitFileType = wrapper.application; includeInIndex = 0; path = PainDiary.app; sourceTree = BUILT_PRODUCTS_DIR; };
		B581A8FA2FCD567300E82648 /* PainDiaryTests.xctest */ = {isa = PBXFileReference; explicitFileType = wrapper.cfbundle; includeInIndex = 0; path = PainDiaryTests.xctest; sourceTree = BUILT_PRODUCTS_DIR; };
		B581A9042FCD567300E82648 /* PainDiaryUITests.xctest */ = {isa = PBXFileReference; explicitFileType = wrapper.cfbundle; includeInIndex = 0; path = PainDiaryUITests.xctest; sourceTree = BUILT_PRODUCTS_DIR; };
/* End PBXFileReference section */

/* Begin PBXFileSystemSynchronizedBuildFileExceptionSet section */
		CD17BF8D344A414BAEC793C7 /* Exceptions for "PainDiary" folder in "PainDiary" target */ = {
			isa = PBXFileSystemSynchronizedBuildFileExceptionSet;
			membershipExceptions = (
				Info.plist,
			);
			target = B581A8EA2FCD567100E82648 /* PainDiary */;
		};
/* End PBXFileSystemSynchronizedBuildFileExceptionSet section */

/* Begin PBXFileSystemSynchronizedRootGroup section */
		B581A8ED2FCD567100E82648 /* PainDiary */ = {
			isa = PBXFileSystemSynchronizedRootGroup;
			exceptions = (
				CD17BF8D344A414BAEC793C7 /* Exceptions for "PainDiary" folder in "PainDiary" target */,
			);
			path = PainDiary;
			sourceTree = "<group>";
		};
		B581A8FD2FCD567300E82648 /* PainDiaryTests */ = {
			isa = PBXFileSystemSynchronizedRootGroup;
			path = PainDiaryTests;
			sourceTree = "<group>";
		};
		B581A9072FCD567300E82648 /* PainDiaryUITests */ = {
			isa = PBXFileSystemSynchronizedRootGroup;
			path = PainDiaryUITests;
			sourceTree = "<group>";
		};
/* End PBXFileSystemSynchronizedRootGroup section */

/* Begin PBXFrameworksBuildPhase section */
		B581A8E82FCD567100E82648 /* Frameworks */ = {
			isa = PBXFrameworksBuildPhase;
			buildActionMask = 2147483647;
			files = (
			);
			runOnlyForDeploymentPostprocessing = 0;
		};
		B581A8F72FCD567300E82648 /* Frameworks */ = {
			isa = PBXFrameworksBuildPhase;
			buildActionMask = 2147483647;
			files = (
			);
			runOnlyForDeploymentPostprocessing = 0;
		};
		B581A9012FCD567300E82648 /* Frameworks */ = {
			isa = PBXFrameworksBuildPhase;
			buildActionMask = 2147483647;
			files = (
			);
			runOnlyForDeploymentPostprocessing = 0;
		};
/* End PBXFrameworksBuildPhase section */

/* Begin PBXGroup section */
		B581A8E22FCD567100E82648 = {
			isa = PBXGroup;
			children = (
				B581A8ED2FCD567100E82648 /* PainDiary */,
				B581A8FD2FCD567300E82648 /* PainDiaryTests */,
				B581A9072FCD567300E82648 /* PainDiaryUITests */,
				B581A8EC2FCD567100E82648 /* Products */,
			);
			sourceTree = "<group>";
		};
		B581A8EC2FCD567100E82648 /* Products */ = {
			isa = PBXGroup;
			children = (
				B581A8EB2FCD567100E82648 /* PainDiary.app */,
				B581A8FA2FCD567300E82648 /* PainDiaryTests.xctest */,
				B581A9042FCD567300E82648 /* PainDiaryUITests.xctest */,
			);
			name = Products;
			sourceTree = "<group>";
		};
/* End PBXGroup section */

/* Begin PBXNativeTarget section */
		B581A8EA2FCD567100E82648 /* PainDiary */ = {
			isa = PBXNativeTarget;
			buildConfigurationList = B581A90E2FCD567300E82648 /* Build configuration list for PBXNativeTarget "PainDiary" */;
			buildPhases = (
				B581A8E72FCD567100E82648 /* Sources */,
				B581A8E82FCD567100E82648 /* Frameworks */,
				B581A8E92FCD567100E82648 /* Resources */,
			);
			buildRules = (
			);
			dependencies = (
			);
			fileSystemSynchronizedGroups = (
				B581A8ED2FCD567100E82648 /* PainDiary */,
			);
			name = PainDiary;
			packageProductDependencies = (
			);
			productName = PainDiary;
			productReference = B581A8EB2FCD567100E82648 /* PainDiary.app */;
			productType = "com.apple.product-type.application";
		};
		B581A8F92FCD567300E82648 /* PainDiaryTests */ = {
			isa = PBXNativeTarget;
			buildConfigurationList = B581A9112FCD567300E82648 /* Build configuration list for PBXNativeTarget "PainDiaryTests" */;
			buildPhases = (
				B581A8F62FCD567300E82648 /* Sources */,
				B581A8F72FCD567300E82648 /* Frameworks */,
				B581A8F82FCD567300E82648 /* Resources */,
			);
			buildRules = (
			);
			dependencies = (
				B581A8FC2FCD567300E82648 /* PBXTargetDependency */,
			);
			fileSystemSynchronizedGroups = (
				B581A8FD2FCD567300E82648 /* PainDiaryTests */,
			);
			name = PainDiaryTests;
			packageProductDependencies = (
			);
			productName = PainDiaryTests;
			productReference = B581A8FA2FCD567300E82648 /* PainDiaryTests.xctest */;
			productType = "com.apple.product-type.bundle.unit-test";
		};
		B581A9032FCD567300E82648 /* PainDiaryUITests */ = {
			isa = PBXNativeTarget;
			buildConfigurationList = B581A9142FCD567300E82648 /* Build configuration list for PBXNativeTarget "PainDiaryUITests" */;
			buildPhases = (
				B581A9002FCD567300E82648 /* Sources */,
				B581A9012FCD567300E82648 /* Frameworks */,
				B581A9022FCD567300E82648 /* Resources */,
			);
			buildRules = (
			);
			dependencies = (
				B581A9062FCD567300E82648 /* PBXTargetDependency */,
			);
			fileSystemSynchronizedGroups = (
				B581A9072FCD567300E82648 /* PainDiaryUITests */,
			);
			name = PainDiaryUITests;
			packageProductDependencies = (
			);
			productName = PainDiaryUITests;
			productReference = B581A9042FCD567300E82648 /* PainDiaryUITests.xctest */;
			productType = "com.apple.product-type.bundle.ui-testing";
		};
/* End PBXNativeTarget section */

/* Begin PBXProject section */
		B581A8E32FCD567100E82648 /* Project object */ = {
			isa = PBXProject;
			attributes = {
				BuildIndependentTargetsInParallel = 1;
				LastSwiftUpdateCheck = 2650;
				LastUpgradeCheck = 2650;
				TargetAttributes = {
					B581A8EA2FCD567100E82648 = {
						CreatedOnToolsVersion = 26.5;
					};
					B581A8F92FCD567300E82648 = {
						CreatedOnToolsVersion = 26.5;
						TestTargetID = B581A8EA2FCD567100E82648;
					};
					B581A9032FCD567300E82648 = {
						CreatedOnToolsVersion = 26.5;
						TestTargetID = B581A8EA2FCD567100E82648;
					};
				};
			};
			buildConfigurationList = B581A8E62FCD567100E82648 /* Build configuration list for PBXProject "PainDiary" */;
			developmentRegion = en;
			hasScannedForEncodings = 0;
			knownRegions = (
				en,
				Base,
			);
			mainGroup = B581A8E22FCD567100E82648;
			minimizedProjectReferenceProxies = 1;
			preferredProjectObjectVersion = 77;
			productRefGroup = B581A8EC2FCD567100E82648 /* Products */;
			projectDirPath = "";
			projectRoot = "";
			targets = (
				B581A8EA2FCD567100E82648 /* PainDiary */,
				B581A8F92FCD567300E82648 /* PainDiaryTests */,
				B581A9032FCD567300E82648 /* PainDiaryUITests */,
			);
		};
/* End PBXProject section */

/* Begin PBXResourcesBuildPhase section */
		B581A8E92FCD567100E82648 /* Resources */ = {
			isa = PBXResourcesBuildPhase;
			buildActionMask = 2147483647;
			files = (
			);
			runOnlyForDeploymentPostprocessing = 0;
		};
		B581A8F82FCD567300E82648 /* Resources */ = {
			isa = PBXResourcesBuildPhase;
			buildActionMask = 2147483647;
			files = (
			);
			runOnlyForDeploymentPostprocessing = 0;
		};
		B581A9022FCD567300E82648 /* Resources */ = {
			isa = PBXResourcesBuildPhase;
			buildActionMask = 2147483647;
			files = (
			);
			runOnlyForDeploymentPostprocessing = 0;
		};
/* End PBXResourcesBuildPhase section */

/* Begin PBXSourcesBuildPhase section */
		B581A8E72FCD567100E82648 /* Sources */ = {
			isa = PBXSourcesBuildPhase;
			buildActionMask = 2147483647;
			files = (
			);
			runOnlyForDeploymentPostprocessing = 0;
		};
		B581A8F62FCD567300E82648 /* Sources */ = {
			isa = PBXSourcesBuildPhase;
			buildActionMask = 2147483647;
			files = (
			);
			runOnlyForDeploymentPostprocessing = 0;
		};
		B581A9002FCD567300E82648 /* Sources */ = {
			isa = PBXSourcesBuildPhase;
			buildActionMask = 2147483647;
			files = (
			);
			runOnlyForDeploymentPostprocessing = 0;
		};
/* End PBXSourcesBuildPhase section */

/* Begin PBXTargetDependency section */
		B581A8FC2FCD567300E82648 /* PBXTargetDependency */ = {
			isa = PBXTargetDependency;
			target = B581A8EA2FCD567100E82648 /* PainDiary */;
			targetProxy = B581A8FB2FCD567300E82648 /* PBXContainerItemProxy */;
		};
		B581A9062FCD567300E82648 /* PBXTargetDependency */ = {
			isa = PBXTargetDependency;
			target = B581A8EA2FCD567100E82648 /* PainDiary */;
			targetProxy = B581A9052FCD567300E82648 /* PBXContainerItemProxy */;
		};
/* End PBXTargetDependency section */

/* Begin XCBuildConfiguration section */
		B581A90C2FCD567300E82648 /* Debug */ = {
			isa = XCBuildConfiguration;
			buildSettings = {
				ALWAYS_SEARCH_USER_PATHS = NO;
				ASSETCATALOG_COMPILER_GENERATE_SWIFT_ASSET_SYMBOL_EXTENSIONS = YES;
				CLANG_ANALYZER_NONNULL = YES;
				CLANG_ANALYZER_NUMBER_OBJECT_CONVERSION = YES_AGGRESSIVE;
				CLANG_CXX_LANGUAGE_STANDARD = "gnu++20";
				CLANG_ENABLE_MODULES = YES;
				CLANG_ENABLE_OBJC_ARC = YES;
				CLANG_ENABLE_OBJC_WEAK = YES;
				CLANG_WARN_BLOCK_CAPTURE_AUTORELEASING = YES;
				CLANG_WARN_BOOL_CONVERSION = YES;
				CLANG_WARN_COMMA = YES;
				CLANG_WARN_CONSTANT_CONVERSION = YES;
				CLANG_WARN_DEPRECATED_OBJC_IMPLEMENTATIONS = YES;
				CLANG_WARN_DIRECT_OBJC_ISA_USAGE = YES_ERROR;
				CLANG_WARN_DOCUMENTATION_COMMENTS = YES;
				CLANG_WARN_EMPTY_BODY = YES;
				CLANG_WARN_ENUM_CONVERSION = YES;
				CLANG_WARN_INFINITE_RECURSION = YES;
				CLANG_WARN_INT_CONVERSION = YES;
				CLANG_WARN_NON_LITERAL_NULL_CONVERSION = YES;
				CLANG_WARN_OBJC_IMPLICIT_RETAIN_SELF = YES;
				CLANG_WARN_OBJC_LITERAL_CONVERSION = YES;
				CLANG_WARN_OBJC_ROOT_CLASS = YES_ERROR;
				CLANG_WARN_QUOTED_INCLUDE_IN_FRAMEWORK_HEADER = YES;
				CLANG_WARN_RANGE_LOOP_ANALYSIS = YES;
				CLANG_WARN_STRICT_PROTOTYPES = YES;
				CLANG_WARN_SUSPICIOUS_MOVE = YES;
				CLANG_WARN_UNGUARDED_AVAILABILITY = YES_AGGRESSIVE;
				CLANG_WARN_UNREACHABLE_CODE = YES;
				CLANG_WARN__DUPLICATE_METHOD_MATCH = YES;
				COPY_PHASE_STRIP = NO;
				DEBUG_INFORMATION_FORMAT = dwarf;
				DEVELOPMENT_TEAM = D3T76Z6967;
				ENABLE_STRICT_OBJC_MSGSEND = YES;
				ENABLE_TESTABILITY = YES;
				ENABLE_USER_SCRIPT_SANDBOXING = YES;
				GCC_C_LANGUAGE_STANDARD = gnu17;
				GCC_DYNAMIC_NO_PIC = NO;
				GCC_NO_COMMON_BLOCKS = YES;
				GCC_OPTIMIZATION_LEVEL = 0;
				GCC_PREPROCESSOR_DEFINITIONS = (
					"DEBUG=1",
					"$(inherited)",
				);
				GCC_WARN_64_TO_32_BIT_CONVERSION = YES;
				GCC_WARN_ABOUT_RETURN_TYPE = YES_ERROR;
				GCC_WARN_UNDECLARED_SELECTOR = YES;
				GCC_WARN_UNINITIALIZED_AUTOS = YES_AGGRESSIVE;
				GCC_WARN_UNUSED_FUNCTION = YES;
				GCC_WARN_UNUSED_VARIABLE = YES;
				LOCALIZATION_PREFERS_STRING_CATALOGS = YES;
				MTL_ENABLE_DEBUG_INFO = INCLUDE_SOURCE;
				MTL_FAST_MATH = YES;
				ONLY_ACTIVE_ARCH = YES;
				SWIFT_ACTIVE_COMPILATION_CONDITIONS = "DEBUG $(inherited)";
				SWIFT_OPTIMIZATION_LEVEL = "-Onone";
			};
			name = Debug;
		};
		B581A90D2FCD567300E82648 /* Release */ = {
			isa = XCBuildConfiguration;
			buildSettings = {
				ALWAYS_SEARCH_USER_PATHS = NO;
				ASSETCATALOG_COMPILER_GENERATE_SWIFT_ASSET_SYMBOL_EXTENSIONS = YES;
				CLANG_ANALYZER_NONNULL = YES;
				CLANG_ANALYZER_NUMBER_OBJECT_CONVERSION = YES_AGGRESSIVE;
				CLANG_CXX_LANGUAGE_STANDARD = "gnu++20";
				CLANG_ENABLE_MODULES = YES;
				CLANG_ENABLE_OBJC_ARC = YES;
				CLANG_ENABLE_OBJC_WEAK = YES;
				CLANG_WARN_BLOCK_CAPTURE_AUTORELEASING = YES;
				CLANG_WARN_BOOL_CONVERSION = YES;
				CLANG_WARN_COMMA = YES;
				CLANG_WARN_CONSTANT_CONVERSION = YES;
				CLANG_WARN_DEPRECATED_OBJC_IMPLEMENTATIONS = YES;
				CLANG_WARN_DIRECT_OBJC_ISA_USAGE = YES_ERROR;
				CLANG_WARN_DOCUMENTATION_COMMENTS = YES;
				CLANG_WARN_EMPTY_BODY = YES;
				CLANG_WARN_ENUM_CONVERSION = YES;
				CLANG_WARN_INFINITE_RECURSION = YES;
				CLANG_WARN_INT_CONVERSION = YES;
				CLANG_WARN_NON_LITERAL_NULL_CONVERSION = YES;
				CLANG_WARN_OBJC_IMPLICIT_RETAIN_SELF = YES;
				CLANG_WARN_OBJC_LITERAL_CONVERSION = YES;
				CLANG_WARN_OBJC_ROOT_CLASS = YES_ERROR;
				CLANG_WARN_QUOTED_INCLUDE_IN_FRAMEWORK_HEADER = YES;
				CLANG_WARN_RANGE_LOOP_ANALYSIS = YES;
				CLANG_WARN_STRICT_PROTOTYPES = YES;
				CLANG_WARN_SUSPICIOUS_MOVE = YES;
				CLANG_WARN_UNGUARDED_AVAILABILITY = YES_AGGRESSIVE;
				CLANG_WARN_UNREACHABLE_CODE = YES;
				CLANG_WARN__DUPLICATE_METHOD_MATCH = YES;
				COPY_PHASE_STRIP = NO;
				DEBUG_INFORMATION_FORMAT = "dwarf-with-dsym";
				DEVELOPMENT_TEAM = D3T76Z6967;
				ENABLE_NS_ASSERTIONS = NO;
				ENABLE_STRICT_OBJC_MSGSEND = YES;
				ENABLE_USER_SCRIPT_SANDBOXING = YES;
				GCC_C_LANGUAGE_STANDARD = gnu17;
				GCC_NO_COMMON_BLOCKS = YES;
				GCC_WARN_64_TO_32_BIT_CONVERSION = YES;
				GCC_WARN_ABOUT_RETURN_TYPE = YES_ERROR;
				GCC_WARN_UNDECLARED_SELECTOR = YES;
				GCC_WARN_UNINITIALIZED_AUTOS = YES_AGGRESSIVE;
				GCC_WARN_UNUSED_FUNCTION = YES;
				GCC_WARN_UNUSED_VARIABLE = YES;
				LOCALIZATION_PREFERS_STRING_CATALOGS = YES;
				MTL_ENABLE_DEBUG_INFO = NO;
				MTL_FAST_MATH = YES;
				SWIFT_COMPILATION_MODE = wholemodule;
			};
			name = Release;
		};
		B581A90F2FCD567300E82648 /* Debug */ = {
			isa = XCBuildConfiguration;
			buildSettings = {
				ASSETCATALOG_COMPILER_APPICON_NAME = AppIcon;
				ASSETCATALOG_COMPILER_GLOBAL_ACCENT_COLOR_NAME = AccentColor;
				CODE_SIGN_ALLOW_ENTITLEMENTS_MODIFICATION = YES;
				CODE_SIGN_ENTITLEMENTS = PainDiary/PainDiary.entitlements;
				CODE_SIGN_STYLE = Automatic;
				CURRENT_PROJECT_VERSION = 30;
				DEVELOPMENT_TEAM = D3T76Z6967;
				ENABLE_APP_SANDBOX = YES;
				ENABLE_HARDENED_RUNTIME = YES;
				ENABLE_PREVIEWS = YES;
				ENABLE_USER_SELECTED_FILES = readonly;
				GENERATE_INFOPLIST_FILE = YES;
				"GENERATE_INFOPLIST_FILE[sdk=iphoneos*]" = NO;
				"GENERATE_INFOPLIST_FILE[sdk=iphonesimulator*]" = NO;
				"INFOPLIST_FILE[sdk=iphoneos*]" = PainDiary/Info.plist;
				"INFOPLIST_FILE[sdk=iphonesimulator*]" = PainDiary/Info.plist;
				INFOPLIST_KEY_ITSAppUsesNonExemptEncryption = NO;
				INFOPLIST_KEY_NSCameraUsageDescription = "Wird benötigt, um deinen Körper einmalig für den Körper-Picker zu scannen.";
				INFOPLIST_KEY_NSFaceIDUsageDescription = "PainDiary verwendet Face ID, um deine Gesundheitsdaten zu schützen.";
				INFOPLIST_KEY_NSHealthShareUsageDescription = "PainDiary liest deine Schlafdaten und Schritte aus der Gesundheits-App, um dein Wohlbefinden besser zu verstehen.";
				INFOPLIST_KEY_NSHealthUpdateUsageDescription = "PainDiary schreibt keine Daten in die Gesundheits-App.";
				INFOPLIST_KEY_NSLocationWhenInUseUsageDescription = "Wetterbedingungen zum Zeitpunkt deines Schmerzeintrags erfassen";
				"INFOPLIST_KEY_UIApplicationSceneManifest_Generation[sdk=iphoneos*]" = YES;
				"INFOPLIST_KEY_UIApplicationSceneManifest_Generation[sdk=iphonesimulator*]" = YES;
				"INFOPLIST_KEY_UIApplicationSupportsIndirectInputEvents[sdk=iphoneos*]" = YES;
				"INFOPLIST_KEY_UIApplicationSupportsIndirectInputEvents[sdk=iphonesimulator*]" = YES;
				"INFOPLIST_KEY_UILaunchScreen_Generation[sdk=iphoneos*]" = YES;
				"INFOPLIST_KEY_UILaunchScreen_Generation[sdk=iphonesimulator*]" = YES;
				"INFOPLIST_KEY_UIStatusBarStyle[sdk=iphoneos*]" = UIStatusBarStyleDefault;
				"INFOPLIST_KEY_UIStatusBarStyle[sdk=iphonesimulator*]" = UIStatusBarStyleDefault;
				INFOPLIST_KEY_UISupportedInterfaceOrientations_iPad = "UIInterfaceOrientationPortrait UIInterfaceOrientationPortraitUpsideDown UIInterfaceOrientationLandscapeLeft UIInterfaceOrientationLandscapeRight";
				INFOPLIST_KEY_UISupportedInterfaceOrientations_iPhone = "UIInterfaceOrientationPortrait UIInterfaceOrientationLandscapeLeft UIInterfaceOrientationLandscapeRight";
				IPHONEOS_DEPLOYMENT_TARGET = 17.0;
				LD_RUNPATH_SEARCH_PATHS = "@executable_path/Frameworks";
				"LD_RUNPATH_SEARCH_PATHS[sdk=macosx*]" = "@executable_path/../Frameworks";
				MACOSX_DEPLOYMENT_TARGET = 26.5;
				MARKETING_VERSION = 2.0;
				PRODUCT_BUNDLE_IDENTIFIER = "DG-Software-Solution.PainDiary";
				PRODUCT_NAME = "$(TARGET_NAME)";
				REGISTER_APP_GROUPS = NO;
				SDKROOT = auto;
				STRING_CATALOG_GENERATE_SYMBOLS = YES;
				SUPPORTED_PLATFORMS = "iphoneos iphonesimulator macosx xros xrsimulator";
				SWIFT_APPROACHABLE_CONCURRENCY = YES;
				SWIFT_DEFAULT_ACTOR_ISOLATION = MainActor;
				SWIFT_EMIT_LOC_STRINGS = YES;
				SWIFT_OBJC_BRIDGING_HEADER = "PainDiary/ObjCBridge/PainDiary-Bridging-Header.h";
				SWIFT_UPCOMING_FEATURE_MEMBER_IMPORT_VISIBILITY = YES;
				SWIFT_VERSION = 5.0;
				TARGETED_DEVICE_FAMILY = "1,2,7";
				UIBackgroundModes = "background-processing remote-notification";
				XROS_DEPLOYMENT_TARGET = 26.5;
			};
			name = Debug;
		};
		B581A9102FCD567300E82648 /* Release */ = {
			isa = XCBuildConfiguration;
			buildSettings = {
				ASSETCATALOG_COMPILER_APPICON_NAME = AppIcon;
				ASSETCATALOG_COMPILER_GLOBAL_ACCENT_COLOR_NAME = AccentColor;
				CODE_SIGN_ALLOW_ENTITLEMENTS_MODIFICATION = YES;
				CODE_SIGN_ENTITLEMENTS = PainDiary/PainDiary.entitlements;
				CODE_SIGN_STYLE = Automatic;
				CURRENT_PROJECT_VERSION = 30;
				DEVELOPMENT_TEAM = D3T76Z6967;
				ENABLE_APP_SANDBOX = YES;
				ENABLE_HARDENED_RUNTIME = YES;
				ENABLE_PREVIEWS = YES;
				ENABLE_USER_SELECTED_FILES = readonly;
				GENERATE_INFOPLIST_FILE = YES;
				"GENERATE_INFOPLIST_FILE[sdk=iphoneos*]" = NO;
				"GENERATE_INFOPLIST_FILE[sdk=iphonesimulator*]" = NO;
				"INFOPLIST_FILE[sdk=iphoneos*]" = PainDiary/Info.plist;
				"INFOPLIST_FILE[sdk=iphonesimulator*]" = PainDiary/Info.plist;
				INFOPLIST_KEY_ITSAppUsesNonExemptEncryption = NO;
				INFOPLIST_KEY_NSCameraUsageDescription = "Wird benötigt, um deinen Körper einmalig für den Körper-Picker zu scannen.";
				INFOPLIST_KEY_NSFaceIDUsageDescription = "PainDiary verwendet Face ID, um deine Gesundheitsdaten zu schützen.";
				INFOPLIST_KEY_NSHealthShareUsageDescription = "PainDiary liest deine Schlafdaten und Schritte aus der Gesundheits-App, um dein Wohlbefinden besser zu verstehen.";
				INFOPLIST_KEY_NSHealthUpdateUsageDescription = "PainDiary schreibt keine Daten in die Gesundheits-App.";
				INFOPLIST_KEY_NSLocationWhenInUseUsageDescription = "Wetterbedingungen zum Zeitpunkt deines Schmerzeintrags erfassen";
				"INFOPLIST_KEY_UIApplicationSceneManifest_Generation[sdk=iphoneos*]" = YES;
				"INFOPLIST_KEY_UIApplicationSceneManifest_Generation[sdk=iphonesimulator*]" = YES;
				"INFOPLIST_KEY_UIApplicationSupportsIndirectInputEvents[sdk=iphoneos*]" = YES;
				"INFOPLIST_KEY_UIApplicationSupportsIndirectInputEvents[sdk=iphonesimulator*]" = YES;
				"INFOPLIST_KEY_UILaunchScreen_Generation[sdk=iphoneos*]" = YES;
				"INFOPLIST_KEY_UILaunchScreen_Generation[sdk=iphonesimulator*]" = YES;
				"INFOPLIST_KEY_UIStatusBarStyle[sdk=iphoneos*]" = UIStatusBarStyleDefault;
				"INFOPLIST_KEY_UIStatusBarStyle[sdk=iphonesimulator*]" = UIStatusBarStyleDefault;
				INFOPLIST_KEY_UISupportedInterfaceOrientations_iPad = "UIInterfaceOrientationPortrait UIInterfaceOrientationPortraitUpsideDown UIInterfaceOrientationLandscapeLeft UIInterfaceOrientationLandscapeRight";
				INFOPLIST_KEY_UISupportedInterfaceOrientations_iPhone = "UIInterfaceOrientationPortrait UIInterfaceOrientationLandscapeLeft UIInterfaceOrientationLandscapeRight";
				IPHONEOS_DEPLOYMENT_TARGET = 17.0;
				LD_RUNPATH_SEARCH_PATHS = "@executable_path/Frameworks";
				"LD_RUNPATH_SEARCH_PATHS[sdk=macosx*]" = "@executable_path/../Frameworks";
				MACOSX_DEPLOYMENT_TARGET = 26.5;
				MARKETING_VERSION = 2.0;
				PRODUCT_BUNDLE_IDENTIFIER = "DG-Software-Solution.PainDiary";
				PRODUCT_NAME = "$(TARGET_NAME)";
				REGISTER_APP_GROUPS = NO;
				SDKROOT = auto;
				STRING_CATALOG_GENERATE_SYMBOLS = YES;
				SUPPORTED_PLATFORMS = "iphoneos iphonesimulator macosx xros xrsimulator";
				SWIFT_APPROACHABLE_CONCURRENCY = YES;
				SWIFT_DEFAULT_ACTOR_ISOLATION = MainActor;
				SWIFT_EMIT_LOC_STRINGS = YES;
				SWIFT_OBJC_BRIDGING_HEADER = "PainDiary/ObjCBridge/PainDiary-Bridging-Header.h";
				SWIFT_UPCOMING_FEATURE_MEMBER_IMPORT_VISIBILITY = YES;
				SWIFT_VERSION = 5.0;
				TARGETED_DEVICE_FAMILY = "1,2,7";
				UIBackgroundModes = "background-processing remote-notification";
				XROS_DEPLOYMENT_TARGET = 26.5;
			};
			name = Release;
		};
		B581A9122FCD567300E82648 /* Debug */ = {
			isa = XCBuildConfiguration;
			buildSettings = {
				BUNDLE_LOADER = "$(TEST_HOST)";
				CODE_SIGN_ALLOW_ENTITLEMENTS_MODIFICATION = YES;
				CODE_SIGN_STYLE = Automatic;
				CURRENT_PROJECT_VERSION = 30;
				DEVELOPMENT_TEAM = D3T76Z6967;
				GENERATE_INFOPLIST_FILE = YES;
				IPHONEOS_DEPLOYMENT_TARGET = 17.0;
				MACOSX_DEPLOYMENT_TARGET = 26.5;
				MARKETING_VERSION = 2.0;
				PRODUCT_BUNDLE_IDENTIFIER = "DG-Software-Solution.PainDiaryTests";
				PRODUCT_NAME = "$(TARGET_NAME)";
				SDKROOT = auto;
				STRING_CATALOG_GENERATE_SYMBOLS = NO;
				SUPPORTED_PLATFORMS = "iphoneos iphonesimulator macosx xros xrsimulator";
				SWIFT_APPROACHABLE_CONCURRENCY = YES;
				SWIFT_EMIT_LOC_STRINGS = NO;
				SWIFT_UPCOMING_FEATURE_MEMBER_IMPORT_VISIBILITY = YES;
				SWIFT_VERSION = 5.0;
				TARGETED_DEVICE_FAMILY = "1,2,7";
				TEST_HOST = "$(BUILT_PRODUCTS_DIR)/PainDiary.app/$(BUNDLE_EXECUTABLE_FOLDER_PATH)/PainDiary";
				XROS_DEPLOYMENT_TARGET = 26.5;
			};
			name = Debug;
		};
		B581A9132FCD567300E82648 /* Release */ = {
			isa = XCBuildConfiguration;
			buildSettings = {
				BUNDLE_LOADER = "$(TEST_HOST)";
				CODE_SIGN_ALLOW_ENTITLEMENTS_MODIFICATION = YES;
				CODE_SIGN_STYLE = Automatic;
				CURRENT_PROJECT_VERSION = 30;
				DEVELOPMENT_TEAM = D3T76Z6967;
				GENERATE_INFOPLIST_FILE = YES;
				IPHONEOS_DEPLOYMENT_TARGET = 17.0;
				MACOSX_DEPLOYMENT_TARGET = 26.5;
				MARKETING_VERSION = 2.0;
				PRODUCT_BUNDLE_IDENTIFIER = "DG-Software-Solution.PainDiaryTests";
				PRODUCT_NAME = "$(TARGET_NAME)";
				SDKROOT = auto;
				STRING_CATALOG_GENERATE_SYMBOLS = NO;
				SUPPORTED_PLATFORMS = "iphoneos iphonesimulator macosx xros xrsimulator";
				SWIFT_APPROACHABLE_CONCURRENCY = YES;
				SWIFT_EMIT_LOC_STRINGS = NO;
				SWIFT_UPCOMING_FEATURE_MEMBER_IMPORT_VISIBILITY = YES;
				SWIFT_VERSION = 5.0;
				TARGETED_DEVICE_FAMILY = "1,2,7";
				TEST_HOST = "$(BUILT_PRODUCTS_DIR)/PainDiary.app/$(BUNDLE_EXECUTABLE_FOLDER_PATH)/PainDiary";
				XROS_DEPLOYMENT_TARGET = 26.5;
			};
			name = Release;
		};
		B581A9152FCD567300E82648 /* Debug */ = {
			isa = XCBuildConfiguration;
			buildSettings = {
				CODE_SIGN_ALLOW_ENTITLEMENTS_MODIFICATION = YES;
				CODE_SIGN_STYLE = Automatic;
				CURRENT_PROJECT_VERSION = 30;
				DEVELOPMENT_TEAM = D3T76Z6967;
				GENERATE_INFOPLIST_FILE = YES;
				IPHONEOS_DEPLOYMENT_TARGET = 17.0;
				MACOSX_DEPLOYMENT_TARGET = 26.5;
				MARKETING_VERSION = 2.0;
				PRODUCT_BUNDLE_IDENTIFIER = "DG-Software-Solution.PainDiaryUITests";
				PRODUCT_NAME = "$(TARGET_NAME)";
				SDKROOT = auto;
				STRING_CATALOG_GENERATE_SYMBOLS = NO;
				SUPPORTED_PLATFORMS = "iphoneos iphonesimulator macosx xros xrsimulator";
				SWIFT_APPROACHABLE_CONCURRENCY = YES;
				SWIFT_EMIT_LOC_STRINGS = NO;
				SWIFT_UPCOMING_FEATURE_MEMBER_IMPORT_VISIBILITY = YES;
				SWIFT_VERSION = 5.0;
				TARGETED_DEVICE_FAMILY = "1,2,7";
				TEST_TARGET_NAME = PainDiary;
				XROS_DEPLOYMENT_TARGET = 26.5;
			};
			name = Debug;
		};
		B581A9162FCD567300E82648 /* Release */ = {
			isa = XCBuildConfiguration;
			buildSettings = {
				CODE_SIGN_ALLOW_ENTITLEMENTS_MODIFICATION = YES;
				CODE_SIGN_STYLE = Automatic;
				CURRENT_PROJECT_VERSION = 30;
				DEVELOPMENT_TEAM = D3T76Z6967;
				GENERATE_INFOPLIST_FILE = YES;
				IPHONEOS_DEPLOYMENT_TARGET = 17.0;
				MACOSX_DEPLOYMENT_TARGET = 26.5;
				MARKETING_VERSION = 2.0;
				PRODUCT_BUNDLE_IDENTIFIER = "DG-Software-Solution.PainDiaryUITests";
				PRODUCT_NAME = "$(TARGET_NAME)";
				SDKROOT = auto;
				STRING_CATALOG_GENERATE_SYMBOLS = NO;
				SUPPORTED_PLATFORMS = "iphoneos iphonesimulator macosx xros xrsimulator";
				SWIFT_APPROACHABLE_CONCURRENCY = YES;
				SWIFT_EMIT_LOC_STRINGS = NO;
				SWIFT_UPCOMING_FEATURE_MEMBER_IMPORT_VISIBILITY = YES;
				SWIFT_VERSION = 5.0;
				TARGETED_DEVICE_FAMILY = "1,2,7";
				TEST_TARGET_NAME = PainDiary;
				XROS_DEPLOYMENT_TARGET = 26.5;
			};
			name = Release;
		};
/* End XCBuildConfiguration section */

/* Begin XCConfigurationList section */
		B581A8E62FCD567100E82648 /* Build configuration list for PBXProject "PainDiary" */ = {
			isa = XCConfigurationList;
			buildConfigurations = (
				B581A90C2FCD567300E82648 /* Debug */,
				B581A90D2FCD567300E82648 /* Release */,
			);
			defaultConfigurationIsVisible = 0;
			defaultConfigurationName = Release;
		};
		B581A90E2FCD567300E82648 /* Build configuration list for PBXNativeTarget "PainDiary" */ = {
			isa = XCConfigurationList;
			buildConfigurations = (
				B581A90F2FCD567300E82648 /* Debug */,
				B581A9102FCD567300E82648 /* Release */,
			);
			defaultConfigurationIsVisible = 0;
			defaultConfigurationName = Release;
		};
		B581A9112FCD567300E82648 /* Build configuration list for PBXNativeTarget "PainDiaryTests" */ = {
			isa = XCConfigurationList;
			buildConfigurations = (
				B581A9122FCD567300E82648 /* Debug */,
				B581A9132FCD567300E82648 /* Release */,
			);
			defaultConfigurationIsVisible = 0;
			defaultConfigurationName = Release;
		};
		B581A9142FCD567300E82648 /* Build configuration list for PBXNativeTarget "PainDiaryUITests" */ = {
			isa = XCConfigurationList;
			buildConfigurations = (
				B581A9152FCD567300E82648 /* Debug */,
				B581A9162FCD567300E82648 /* Release */,
			);
			defaultConfigurationIsVisible = 0;
			defaultConfigurationName = Release;
		};
/* End XCConfigurationList section */
	};
	rootObject = B581A8E32FCD567100E82648 /* Project object */;
}
